PODS:
  - RandomGenerator (0.1.0)

DEPENDENCIES:
  - RandomGenerator (from `Pods_Local/RandomGenerator`)

EXTERNAL SOURCES:
  RandomGenerator:
    :path: Pods_Local/RandomGenerator

SPEC CHECKSUMS:
  RandomGenerator: aac721db4c683c0a758104851857ad74642c79ed

PODFILE CHECKSUM: 84a4bc3932330f0e9791db429487b278882190c0

COCOAPODS: 1.5.3
