PODS:
  - RandomGenerator (0.1.3)
  - Tutorial (0.1.2):
    - RandomGenerator (~> 0.1.0)

DEPENDENCIES:
  - RandomGenerator (~> 0.1.0)
  - Tutorial (~> 0.1.0)

SPEC REPOS:
  "git@github.com:cocoaheads-kyiv-14-workshop/specs.git":
    - RandomGenerator
    - Tutorial

SPEC CHECKSUMS:
  RandomGenerator: 723ec5cd775d8aea49fae641d3274c6a9a138b14
  Tutorial: 2e0be41a5d2281dbf317d1d050de2b91898b047b

PODFILE CHECKSUM: ce4e1cab9a6186a93ddb140155bfdf9c7e7b4040

COCOAPODS: 1.5.3
